Microsoft Visual Studio Solution File, Format Version 11.00
# Visual Studio 2008

Project("{3A4DF900-177C-5E9A-E90B-EBF2CCD8C505}") = "B.Tech BABU", "Assembly-CSharp-firstpass.csproj", "{84FAF91D-9604-80B7-E135-0C922BCCCA3A}"
EndProject
Project("{3A4DF900-177C-5E9A-E90B-EBF2CCD8C505}") = "B.Tech BABU", "Assembly-CSharp.csproj", "{BFD3652B-38E7-A316-1EB8-1046935703A6}"
EndProject
Project("{3A4DF900-177C-5E9A-E90B-EBF2CCD8C505}") = "B.Tech BABU", "Assembly-CSharp-Editor.csproj", "{074AF9C0-E5F8-AAC6-9C00-064AB02F2811}"
EndProject
Project("{3A4DF900-177C-5E9A-E90B-EBF2CCD8C505}") = "B.Tech BABU", "Assembly-UnityScript.unityproj", "{E9748A64-50DC-AA47-9636-F616DD21821E}"
EndProject
Global
	GlobalSection(SolutionConfigurationPlatforms) = preSolution
		Debug|Any CPU = Debug|Any CPU
		Release|Any CPU = Release|Any CPU
	EndGlobalSection
	GlobalSection(ProjectConfigurationPlatforms) = postSolution
		{84FAF91D-9604-80B7-E135-0C922BCCCA3A}.Debug|Any CPU.ActiveCfg = Debug|Any CPU
		{84FAF91D-9604-80B7-E135-0C922BCCCA3A}.Debug|Any CPU.Build.0 = Debug|Any CPU
		{84FAF91D-9604-80B7-E135-0C922BCCCA3A}.Release|Any CPU.ActiveCfg = Release|Any CPU
		{84FAF91D-9604-80B7-E135-0C922BCCCA3A}.Release|Any CPU.Build.0 = Release|Any CPU
		{BFD3652B-38E7-A316-1EB8-1046935703A6}.Debug|Any CPU.ActiveCfg = Debug|Any CPU
		{BFD3652B-38E7-A316-1EB8-1046935703A6}.Debug|Any CPU.Build.0 = Debug|Any CPU
		{BFD3652B-38E7-A316-1EB8-1046935703A6}.Release|Any CPU.ActiveCfg = Release|Any CPU
		{BFD3652B-38E7-A316-1EB8-1046935703A6}.Release|Any CPU.Build.0 = Release|Any CPU
		{074AF9C0-E5F8-AAC6-9C00-064AB02F2811}.Debug|Any CPU.ActiveCfg = Debug|Any CPU
		{074AF9C0-E5F8-AAC6-9C00-064AB02F2811}.Debug|Any CPU.Build.0 = Debug|Any CPU
		{074AF9C0-E5F8-AAC6-9C00-064AB02F2811}.Release|Any CPU.ActiveCfg = Release|Any CPU
		{074AF9C0-E5F8-AAC6-9C00-064AB02F2811}.Release|Any CPU.Build.0 = Release|Any CPU
		{E9748A64-50DC-AA47-9636-F616DD21821E}.Debug|Any CPU.ActiveCfg = Debug|Any CPU
		{E9748A64-50DC-AA47-9636-F616DD21821E}.Debug|Any CPU.Build.0 = Debug|Any CPU
		{E9748A64-50DC-AA47-9636-F616DD21821E}.Release|Any CPU.ActiveCfg = Release|Any CPU
		{E9748A64-50DC-AA47-9636-F616DD21821E}.Release|Any CPU.Build.0 = Release|Any CPU
	EndGlobalSection
	GlobalSection(SolutionProperties) = preSolution
		HideSolutionNode = FALSE
	EndGlobalSection
																																																																																																																																			GlobalSection(MonoDevelopProperties) = preSolution
		StartupItem = Assembly-CSharp.csproj
		Policies = $0
		$0.TextStylePolicy = $1
		$1.inheritsSet = null
		$1.scope = text/x-csharp
		$0.CSharpFormattingPolicy = $2
		$2.inheritsSet = Mono
		$2.inheritsScope = text/x-csharp
		$2.scope = text/x-csharp
		$0.TextStylePolicy = $3
		$3.FileWidth = 120
		$3.TabWidth = 4
		$3.IndentWidth = 4
		$3.EolMarker = Unix
		$3.inheritsSet = Mono
		$3.inheritsScope = text/plain
		$3.scope = text/plain
	EndGlobalSection

EndGlobal
